
Microsoft Visual Studio Solution File, Format Version 12.00
# Visual Studio Version 16
VisualStudioVersion = 16.0.31727.386
MinimumVisualStudioVersion = 10.0.40219.1
Project("{9A19103F-16F7-4668-BE54-9A1E7A4F7556}") = "Thor", "Thor\Thor.csproj", "{5B9BBC79-0348-4D9A-93FA-66A1277A2FBC}"
EndProject
Project("{9A19103F-16F7-4668-BE54-9A1E7A4F7556}") = "Thor.Domain", "Thor.Domain\Thor.Domain.csproj", "{5D85D057-64ED-480D-A582-603C020A6136}"
EndProject
Project("{9A19103F-16F7-4668-BE54-9A1E7A4F7556}") = "Thor.API", "Thor.API\Thor.API.csproj", "{2F27A291-8C77-47CF-9627-F66FED3B9362}"
EndProject
Project("{2150E333-8FDC-42A3-9474-1A3956D46DE8}") = "Solution Items", "Solution Items", "{892CF8C7-F5F2-49BC-9C2B-29185860791B}"
	ProjectSection(SolutionItems) = preProject
		.editorconfig = .editorconfig
	EndProjectSection
EndProject
Global
	GlobalSection(SolutionConfigurationPlatforms) = preSolution
		Debug|Any CPU = Debug|Any CPU
		Release|Any CPU = Release|Any CPU
	EndGlobalSection
	GlobalSection(ProjectConfigurationPlatforms) = postSolution
		{5B9BBC79-0348-4D9A-93FA-66A1277A2FBC}.Debug|Any CPU.ActiveCfg = Debug|Any CPU
		{5B9BBC79-0348-4D9A-93FA-66A1277A2FBC}.Debug|Any CPU.Build.0 = Debug|Any CPU
		{5B9BBC79-0348-4D9A-93FA-66A1277A2FBC}.Release|Any CPU.ActiveCfg = Release|Any CPU
		{5B9BBC79-0348-4D9A-93FA-66A1277A2FBC}.Release|Any CPU.Build.0 = Release|Any CPU
		{5D85D057-64ED-480D-A582-603C020A6136}.Debug|Any CPU.ActiveCfg = Debug|Any CPU
		{5D85D057-64ED-480D-A582-603C020A6136}.Debug|Any CPU.Build.0 = Debug|Any CPU
		{5D85D057-64ED-480D-A582-603C020A6136}.Release|Any CPU.ActiveCfg = Release|Any CPU
		{5D85D057-64ED-480D-A582-603C020A6136}.Release|Any CPU.Build.0 = Release|Any CPU
		{2F27A291-8C77-47CF-9627-F66FED3B9362}.Debug|Any CPU.ActiveCfg = Debug|Any CPU
		{2F27A291-8C77-47CF-9627-F66FED3B9362}.Debug|Any CPU.Build.0 = Debug|Any CPU
		{2F27A291-8C77-47CF-9627-F66FED3B9362}.Release|Any CPU.ActiveCfg = Release|Any CPU
		{2F27A291-8C77-47CF-9627-F66FED3B9362}.Release|Any CPU.Build.0 = Release|Any CPU
	EndGlobalSection
	GlobalSection(SolutionProperties) = preSolution
		HideSolutionNode = FALSE
	EndGlobalSection
	GlobalSection(ExtensibilityGlobals) = postSolution
		SolutionGuid = {77785E19-93CC-453A-84E7-6D83088F4FF3}
	EndGlobalSection
EndGlobal
